
Microsoft Visual Studio Solution File, Format Version 12.00
# Visual Studio 2013
VisualStudioVersion = 12.0.30501.0
MinimumVisualStudioVersion = 10.0.40219.1
Project("{2150E333-8FDC-42A3-9474-1A3956D46DE8}") = "FileStorage", "FileStorage", "{A05694C0-44CA-4B19-A422-35677EA1E6E7}"
EndProject
Project("{FAE04EC0-301F-11D3-BF4B-00C04F79EFBC}") = "FileStorage.BL", "FileStorage\FileStorage.BL\FileStorage.BL.csproj", "{F067DA74-E48F-4DE7-85D4-1217BB3670E3}"
EndProject
Project("{FAE04EC0-301F-11D3-BF4B-00C04F79EFBC}") = "FileStorage.Core", "FileStorage\FileStorage.Core\FileStorage.Core.csproj", "{06EBD357-60DC-4BD9-AD9B-0A736DCC2203}"
EndProject
Project("{2150E333-8FDC-42A3-9474-1A3956D46DE8}") = "Pass.Container", "Pass.Container", "{76FBB8CC-394E-420D-9B6A-B394EB1BAC08}"
EndProject
Project("{FAE04EC0-301F-11D3-BF4B-00C04F79EFBC}") = "Pass.Container.Core", "Pass.Container\Pass.Container.Core\Pass.Container.Core.csproj", "{062E8DA0-3EF1-4481-8FCF-CFEB54A39771}"
EndProject
Project("{FAE04EC0-301F-11D3-BF4B-00C04F79EFBC}") = "Pass.Container.BL", "Pass.Container\Pass.Container.BL\Pass.Container.BL.csproj", "{C26E7AFB-A944-48E6-9688-44B791BD697E}"
EndProject
Project("{2150E333-8FDC-42A3-9474-1A3956D46DE8}") = "Pass.Notification", "Pass.Notification", "{4DB7EAF9-FDDE-4B8B-BC82-696E8E249F4B}"
EndProject
Project("{FAE04EC0-301F-11D3-BF4B-00C04F79EFBC}") = "Pass.Notification.Core", "Pass.Notification\Pass.Notification.Core\Pass.Notification.Core.csproj", "{B080DCAE-231C-4F9E-8A01-B6E0DE3C2FE2}"
EndProject
Project("{F088123C-0E9E-452A-89E6-6BA2F21D5CAC}") = "MobileWallet.Architecture", "MobileWallet.Architecture\MobileWallet.Architecture.modelproj", "{A9694C76-82C1-4BED-9A5C-FA2C8549139C}"
EndProject
Project("{FAE04EC0-301F-11D3-BF4B-00C04F79EFBC}") = "Pass.Notification.Tests", "Pass.Notification\Pass.Notification.Tests\Pass.Notification.Tests.csproj", "{AAABEBD6-793A-4D24-B3FB-EB8CCE282E7E}"
EndProject
Project("{FAE04EC0-301F-11D3-BF4B-00C04F79EFBC}") = "FileStorage.Repository.EF", "FileStorage\FileStorage.Repository.EF\FileStorage.Repository.EF.csproj", "{2378C604-FFF4-44F9-9934-BB17013C27FB}"
EndProject
Project("{2150E333-8FDC-42A3-9474-1A3956D46DE8}") = "Common", "Common", "{185AC291-63C8-48A7-B14C-288547273DA3}"
EndProject
Project("{FAE04EC0-301F-11D3-BF4B-00C04F79EFBC}") = "Common.Extensions", "Common\Common.Extensions\Common.Extensions.csproj", "{1628E173-1BE9-4DFC-BCBE-93334DE8EE46}"
EndProject
Project("{00D1A9C2-B5F0-4AF3-8072-F6C62B433612}") = "FileStorage.DB.SqlServer", "FileStorage\FileStorage.DB.SqlServer\FileStorage.DB.SqlServer.sqlproj", "{8C951E8F-92BB-4E00-80FB-E955928F4972}"
EndProject
Project("{FAE04EC0-301F-11D3-BF4B-00C04F79EFBC}") = "Common.Repository", "Common\Common.Repository\Common.Repository.csproj", "{F36371D6-812F-49F5-9E9B-043265660647}"
EndProject
Project("{FAE04EC0-301F-11D3-BF4B-00C04F79EFBC}") = "FileStorage.Repository.EF.Tests", "FileStorage\FileStorage.Repository.EF.Tests\FileStorage.Repository.EF.Tests.csproj", "{85EF284A-230F-49C8-BB02-93454CF77CAC}"
EndProject
Project("{FAE04EC0-301F-11D3-BF4B-00C04F79EFBC}") = "Common.Repository.EF", "Common\Common.Repository.EF\Common.Repository.EF.csproj", "{925EC36B-DF88-4CDE-BC59-FE03C0173CAE}"
EndProject
Project("{FAE04EC0-301F-11D3-BF4B-00C04F79EFBC}") = "Common.Extensions.Tests", "Common\Common.Extensions.Tests\Common.Extensions.Tests.csproj", "{A3510B3E-A41A-4451-90B0-AEDED053D91F}"
EndProject
Project("{FAE04EC0-301F-11D3-BF4B-00C04F79EFBC}") = "Common.Configuration", "Common\Common.Configuration\Common.Configuration.csproj", "{DFABDFCC-3B69-434A-BD2A-6838CD7608A8}"
EndProject
Project("{FAE04EC0-301F-11D3-BF4B-00C04F79EFBC}") = "FileStorage.BL.Tests", "FileStorage\FileStorage.BL.Tests\FileStorage.BL.Tests.csproj", "{DAEF4D0D-C211-4DCD-9EB5-9736C66ADF61}"
EndProject
Project("{2150E333-8FDC-42A3-9474-1A3956D46DE8}") = "Pass.Manager", "Pass.Manager", "{BFCA7B7D-8D87-4586-AF73-F88BCE8EC611}"
EndProject
Project("{FAE04EC0-301F-11D3-BF4B-00C04F79EFBC}") = "Pass.Manager.Core", "Pass.Manager\Pass.Manager.Core\Pass.Manager.Core.csproj", "{DC28CC0D-F87E-4D65-8812-3BAF31C9C359}"
EndProject
Project("{FAE04EC0-301F-11D3-BF4B-00C04F79EFBC}") = "Pass.Container.Repository.EF", "Pass.Container\Pass.Container.Repository.EF\Pass.Container.Repository.EF.csproj", "{3FFD32FB-90AA-4BBC-BA28-8431915B78B1}"
EndProject
Project("{00D1A9C2-B5F0-4AF3-8072-F6C62B433612}") = "Pass.Container.DB.SqlServer", "Pass.Container\Pass.Container.DB.SqlServer\Pass.Container.DB.SqlServer.sqlproj", "{680D1204-154B-4021-B719-9D1AEB23E254}"
EndProject
Project("{FAE04EC0-301F-11D3-BF4B-00C04F79EFBC}") = "Pass.Processing.Web", "Pass.Processing.Web\Pass.Processing.Web.csproj", "{50EB2907-B688-4C90-BE7D-61753452F7A9}"
EndProject
Project("{FAE04EC0-301F-11D3-BF4B-00C04F79EFBC}") = "Pass.Container.Repository.EF.Tests", "Pass.Container\Pass.Container.Repository.EF.Tests\Pass.Container.Repository.EF.Tests.csproj", "{6FDC6398-A1AA-4A06-A61D-AD38E4965DED}"
EndProject
Project("{FAE04EC0-301F-11D3-BF4B-00C04F79EFBC}") = "FileStorage.Factory", "FileStorage\FileStorage.Factory\FileStorage.Factory.csproj", "{690C70A1-EC80-47EB-A707-FC9B09597102}"
EndProject
Project("{FAE04EC0-301F-11D3-BF4B-00C04F79EFBC}") = "Pass.Container.Factory", "Pass.Container\Pass.Container.Factory\Pass.Container.Factory.csproj", "{F9C5C89E-9B30-41E4-8FE4-D8675DBEAC26}"
EndProject
Project("{FAE04EC0-301F-11D3-BF4B-00C04F79EFBC}") = "Pass.Distribution.Web", "Pass.Distribution.Web\Pass.Distribution.Web.csproj", "{4625BAEC-0C53-4ECA-B92C-3C120280FAAC}"
EndProject
Project("{FAE04EC0-301F-11D3-BF4B-00C04F79EFBC}") = "Common.Utils", "Common\Common.Utils\Common.Utils.csproj", "{F1CAD860-50FC-456C-96CD-1332CC48D03F}"
EndProject
Project("{FAE04EC0-301F-11D3-BF4B-00C04F79EFBC}") = "Common.Utils.Tests", "Common\Common.Utils.Tests\Common.Utils.Tests.csproj", "{008C5B41-01F9-4CA3-BF84-A45B3E405779}"
EndProject
Project("{FAE04EC0-301F-11D3-BF4B-00C04F79EFBC}") = "Pass.Container.BL.Tests", "Pass.Container\Pass.Container.BL.Tests\Pass.Container.BL.Tests.csproj", "{D313C0D5-D44A-47EC-9B0D-91C05BDEB494}"
EndProject
Project("{FAE04EC0-301F-11D3-BF4B-00C04F79EFBC}") = "FileStorage.Repository.Core", "FileStorage\FileStorage.Repository.Core\FileStorage.Repository.Core.csproj", "{CEFDB101-184E-4484-9CF8-9616D68AE52A}"
EndProject
Project("{FAE04EC0-301F-11D3-BF4B-00C04F79EFBC}") = "Pass.Container.Repository.Core", "Pass.Container\Pass.Container.Repository.Core\Pass.Container.Repository.Core.csproj", "{9E9BCF53-D0D8-40E5-A3B1-35D9564D8CCD}"
EndProject
Project("{2150E333-8FDC-42A3-9474-1A3956D46DE8}") = "CertificateStorage", "CertificateStorage", "{3DBBFF5A-E5EA-4F80-A649-C021DED0C417}"
EndProject
Project("{FAE04EC0-301F-11D3-BF4B-00C04F79EFBC}") = "CertificateStorage.Core", "CertificateStorage\CertificateStorage.Core\CertificateStorage.Core.csproj", "{C65C0F7C-299B-4DB8-9AB7-D3C246BABA6F}"
EndProject
Project("{FAE04EC0-301F-11D3-BF4B-00C04F79EFBC}") = "CertificateStorage.Repository.Core", "CertificateStorage\CertificateStorage.Repository.Core\CertificateStorage.Repository.Core.csproj", "{BB648EDE-67D5-488C-B423-346E181B33DB}"
EndProject
Project("{FAE04EC0-301F-11D3-BF4B-00C04F79EFBC}") = "CertificateStorage.Repository.EF", "CertificateStorage\CertificateStorage.Repository.EF\CertificateStorage.Repository.EF.csproj", "{1DBBE809-D0BA-4031-9AE6-DE6FF57354D7}"
EndProject
Project("{FAE04EC0-301F-11D3-BF4B-00C04F79EFBC}") = "CertificateStorage.Repository.EF.Tests", "CertificateStorage\CertificateStorage.Repository.EF.Tests\CertificateStorage.Repository.EF.Tests.csproj", "{9C1E11C6-E6F2-4837-A332-035636963C2D}"
EndProject
Project("{00D1A9C2-B5F0-4AF3-8072-F6C62B433612}") = "CertificateStorage.DB.SqlServer", "CertificateStorage\CertificateStorage.DB.SqlServer\CertificateStorage.DB.SqlServer.sqlproj", "{D388B762-EC22-4E65-B1E7-B019F55F3360}"
EndProject
Project("{FAE04EC0-301F-11D3-BF4B-00C04F79EFBC}") = "CertificateStorage.BL", "CertificateStorage\CertificateStorage.BL\CertificateStorage.BL.csproj", "{6EB0253B-5BCD-43CD-BB76-2CCFF5761E7A}"
EndProject
Project("{FAE04EC0-301F-11D3-BF4B-00C04F79EFBC}") = "CertificateStorage.BL.Tests", "CertificateStorage\CertificateStorage.BL.Tests\CertificateStorage.BL.Tests.csproj", "{ED49EB16-2FCB-4EAC-A4DC-2830C8307FC6}"
EndProject
Project("{FAE04EC0-301F-11D3-BF4B-00C04F79EFBC}") = "PromoSitePass", "PromoSitePass\PromoSitePass.csproj", "{8250C9B2-D819-4C81-85A6-634370FCF22D}"
EndProject
Project("{FAE04EC0-301F-11D3-BF4B-00C04F79EFBC}") = "Pass.Manager.Repository.Core", "Pass.Manager\Pass.Manager.Repository.Core\Pass.Manager.Repository.Core.csproj", "{6AE0452D-92CC-420B-99F4-7F9D7464B9A3}"
EndProject
Project("{FAE04EC0-301F-11D3-BF4B-00C04F79EFBC}") = "Pass.Manager.Repository.EF", "Pass.Manager\Pass.Manager.Repository.EF\Pass.Manager.Repository.EF.csproj", "{929E8294-E96D-4D40-B326-C62415356D3D}"
EndProject
Global
	GlobalSection(SolutionConfigurationPlatforms) = preSolution
		Debug|Any CPU = Debug|Any CPU
		Debug|X64 = Debug|X64
		Debug|x86 = Debug|x86
		Release|Any CPU = Release|Any CPU
		Release|X64 = Release|X64
		Release|x86 = Release|x86
	EndGlobalSection
	GlobalSection(ProjectConfigurationPlatforms) = postSolution
		{F067DA74-E48F-4DE7-85D4-1217BB3670E3}.Debug|Any CPU.ActiveCfg = Debug|Any CPU
		{F067DA74-E48F-4DE7-85D4-1217BB3670E3}.Debug|Any CPU.Build.0 = Debug|Any CPU
		{F067DA74-E48F-4DE7-85D4-1217BB3670E3}.Debug|X64.ActiveCfg = Debug|Any CPU
		{F067DA74-E48F-4DE7-85D4-1217BB3670E3}.Debug|x86.ActiveCfg = Debug|Any CPU
		{F067DA74-E48F-4DE7-85D4-1217BB3670E3}.Release|Any CPU.ActiveCfg = Release|Any CPU
		{F067DA74-E48F-4DE7-85D4-1217BB3670E3}.Release|Any CPU.Build.0 = Release|Any CPU
		{F067DA74-E48F-4DE7-85D4-1217BB3670E3}.Release|X64.ActiveCfg = Release|Any CPU
		{F067DA74-E48F-4DE7-85D4-1217BB3670E3}.Release|x86.ActiveCfg = Release|Any CPU
		{06EBD357-60DC-4BD9-AD9B-0A736DCC2203}.Debug|Any CPU.ActiveCfg = Debug|Any CPU
		{06EBD357-60DC-4BD9-AD9B-0A736DCC2203}.Debug|Any CPU.Build.0 = Debug|Any CPU
		{06EBD357-60DC-4BD9-AD9B-0A736DCC2203}.Debug|X64.ActiveCfg = Debug|Any CPU
		{06EBD357-60DC-4BD9-AD9B-0A736DCC2203}.Debug|x86.ActiveCfg = Debug|Any CPU
		{06EBD357-60DC-4BD9-AD9B-0A736DCC2203}.Release|Any CPU.ActiveCfg = Release|Any CPU
		{06EBD357-60DC-4BD9-AD9B-0A736DCC2203}.Release|Any CPU.Build.0 = Release|Any CPU
		{06EBD357-60DC-4BD9-AD9B-0A736DCC2203}.Release|X64.ActiveCfg = Release|Any CPU
		{06EBD357-60DC-4BD9-AD9B-0A736DCC2203}.Release|x86.ActiveCfg = Release|Any CPU
		{062E8DA0-3EF1-4481-8FCF-CFEB54A39771}.Debug|Any CPU.ActiveCfg = Debug|Any CPU
		{062E8DA0-3EF1-4481-8FCF-CFEB54A39771}.Debug|Any CPU.Build.0 = Debug|Any CPU
		{062E8DA0-3EF1-4481-8FCF-CFEB54A39771}.Debug|X64.ActiveCfg = Debug|Any CPU
		{062E8DA0-3EF1-4481-8FCF-CFEB54A39771}.Debug|x86.ActiveCfg = Debug|Any CPU
		{062E8DA0-3EF1-4481-8FCF-CFEB54A39771}.Release|Any CPU.ActiveCfg = Release|Any CPU
		{062E8DA0-3EF1-4481-8FCF-CFEB54A39771}.Release|Any CPU.Build.0 = Release|Any CPU
		{062E8DA0-3EF1-4481-8FCF-CFEB54A39771}.Release|X64.ActiveCfg = Release|Any CPU
		{062E8DA0-3EF1-4481-8FCF-CFEB54A39771}.Release|x86.ActiveCfg = Release|Any CPU
		{C26E7AFB-A944-48E6-9688-44B791BD697E}.Debug|Any CPU.ActiveCfg = Debug|Any CPU
		{C26E7AFB-A944-48E6-9688-44B791BD697E}.Debug|Any CPU.Build.0 = Debug|Any CPU
		{C26E7AFB-A944-48E6-9688-44B791BD697E}.Debug|X64.ActiveCfg = Debug|Any CPU
		{C26E7AFB-A944-48E6-9688-44B791BD697E}.Debug|x86.ActiveCfg = Debug|Any CPU
		{C26E7AFB-A944-48E6-9688-44B791BD697E}.Release|Any CPU.ActiveCfg = Release|Any CPU
		{C26E7AFB-A944-48E6-9688-44B791BD697E}.Release|Any CPU.Build.0 = Release|Any CPU
		{C26E7AFB-A944-48E6-9688-44B791BD697E}.Release|X64.ActiveCfg = Release|Any CPU
		{C26E7AFB-A944-48E6-9688-44B791BD697E}.Release|x86.ActiveCfg = Release|Any CPU
		{B080DCAE-231C-4F9E-8A01-B6E0DE3C2FE2}.Debug|Any CPU.ActiveCfg = Debug|Any CPU
		{B080DCAE-231C-4F9E-8A01-B6E0DE3C2FE2}.Debug|Any CPU.Build.0 = Debug|Any CPU
		{B080DCAE-231C-4F9E-8A01-B6E0DE3C2FE2}.Debug|X64.ActiveCfg = Debug|Any CPU
		{B080DCAE-231C-4F9E-8A01-B6E0DE3C2FE2}.Debug|x86.ActiveCfg = Debug|Any CPU
		{B080DCAE-231C-4F9E-8A01-B6E0DE3C2FE2}.Release|Any CPU.ActiveCfg = Release|Any CPU
		{B080DCAE-231C-4F9E-8A01-B6E0DE3C2FE2}.Release|Any CPU.Build.0 = Release|Any CPU
		{B080DCAE-231C-4F9E-8A01-B6E0DE3C2FE2}.Release|X64.ActiveCfg = Release|Any CPU
		{B080DCAE-231C-4F9E-8A01-B6E0DE3C2FE2}.Release|x86.ActiveCfg = Release|Any CPU
		{A9694C76-82C1-4BED-9A5C-FA2C8549139C}.Debug|Any CPU.ActiveCfg = Debug|Any CPU
		{A9694C76-82C1-4BED-9A5C-FA2C8549139C}.Debug|Any CPU.Build.0 = Debug|Any CPU
		{A9694C76-82C1-4BED-9A5C-FA2C8549139C}.Debug|X64.ActiveCfg = Debug|Any CPU
		{A9694C76-82C1-4BED-9A5C-FA2C8549139C}.Debug|x86.ActiveCfg = Debug|Any CPU
		{A9694C76-82C1-4BED-9A5C-FA2C8549139C}.Release|Any CPU.ActiveCfg = Release|Any CPU
		{A9694C76-82C1-4BED-9A5C-FA2C8549139C}.Release|Any CPU.Build.0 = Release|Any CPU
		{A9694C76-82C1-4BED-9A5C-FA2C8549139C}.Release|X64.ActiveCfg = Release|Any CPU
		{A9694C76-82C1-4BED-9A5C-FA2C8549139C}.Release|x86.ActiveCfg = Release|Any CPU
		{AAABEBD6-793A-4D24-B3FB-EB8CCE282E7E}.Debug|Any CPU.ActiveCfg = Debug|Any CPU
		{AAABEBD6-793A-4D24-B3FB-EB8CCE282E7E}.Debug|Any CPU.Build.0 = Debug|Any CPU
		{AAABEBD6-793A-4D24-B3FB-EB8CCE282E7E}.Debug|X64.ActiveCfg = Debug|Any CPU
		{AAABEBD6-793A-4D24-B3FB-EB8CCE282E7E}.Debug|x86.ActiveCfg = Debug|Any CPU
		{AAABEBD6-793A-4D24-B3FB-EB8CCE282E7E}.Release|Any CPU.ActiveCfg = Release|Any CPU
		{AAABEBD6-793A-4D24-B3FB-EB8CCE282E7E}.Release|Any CPU.Build.0 = Release|Any CPU
		{AAABEBD6-793A-4D24-B3FB-EB8CCE282E7E}.Release|X64.ActiveCfg = Release|Any CPU
		{AAABEBD6-793A-4D24-B3FB-EB8CCE282E7E}.Release|x86.ActiveCfg = Release|Any CPU
		{2378C604-FFF4-44F9-9934-BB17013C27FB}.Debug|Any CPU.ActiveCfg = Debug|Any CPU
		{2378C604-FFF4-44F9-9934-BB17013C27FB}.Debug|Any CPU.Build.0 = Debug|Any CPU
		{2378C604-FFF4-44F9-9934-BB17013C27FB}.Debug|X64.ActiveCfg = Debug|Any CPU
		{2378C604-FFF4-44F9-9934-BB17013C27FB}.Debug|x86.ActiveCfg = Debug|Any CPU
		{2378C604-FFF4-44F9-9934-BB17013C27FB}.Release|Any CPU.ActiveCfg = Release|Any CPU
		{2378C604-FFF4-44F9-9934-BB17013C27FB}.Release|Any CPU.Build.0 = Release|Any CPU
		{2378C604-FFF4-44F9-9934-BB17013C27FB}.Release|X64.ActiveCfg = Release|Any CPU
		{2378C604-FFF4-44F9-9934-BB17013C27FB}.Release|x86.ActiveCfg = Release|Any CPU
		{1628E173-1BE9-4DFC-BCBE-93334DE8EE46}.Debug|Any CPU.ActiveCfg = Debug|Any CPU
		{1628E173-1BE9-4DFC-BCBE-93334DE8EE46}.Debug|Any CPU.Build.0 = Debug|Any CPU
		{1628E173-1BE9-4DFC-BCBE-93334DE8EE46}.Debug|X64.ActiveCfg = Debug|Any CPU
		{1628E173-1BE9-4DFC-BCBE-93334DE8EE46}.Debug|x86.ActiveCfg = Debug|Any CPU
		{1628E173-1BE9-4DFC-BCBE-93334DE8EE46}.Release|Any CPU.ActiveCfg = Release|Any CPU
		{1628E173-1BE9-4DFC-BCBE-93334DE8EE46}.Release|Any CPU.Build.0 = Release|Any CPU
		{1628E173-1BE9-4DFC-BCBE-93334DE8EE46}.Release|X64.ActiveCfg = Release|Any CPU
		{1628E173-1BE9-4DFC-BCBE-93334DE8EE46}.Release|x86.ActiveCfg = Release|Any CPU
		{8C951E8F-92BB-4E00-80FB-E955928F4972}.Debug|Any CPU.ActiveCfg = Debug|Any CPU
		{8C951E8F-92BB-4E00-80FB-E955928F4972}.Debug|Any CPU.Build.0 = Debug|Any CPU
		{8C951E8F-92BB-4E00-80FB-E955928F4972}.Debug|Any CPU.Deploy.0 = Debug|Any CPU
		{8C951E8F-92BB-4E00-80FB-E955928F4972}.Debug|X64.ActiveCfg = Debug|Any CPU
		{8C951E8F-92BB-4E00-80FB-E955928F4972}.Debug|x86.ActiveCfg = Debug|Any CPU
		{8C951E8F-92BB-4E00-80FB-E955928F4972}.Release|Any CPU.ActiveCfg = Release|Any CPU
		{8C951E8F-92BB-4E00-80FB-E955928F4972}.Release|Any CPU.Build.0 = Release|Any CPU
		{8C951E8F-92BB-4E00-80FB-E955928F4972}.Release|Any CPU.Deploy.0 = Release|Any CPU
		{8C951E8F-92BB-4E00-80FB-E955928F4972}.Release|X64.ActiveCfg = Release|Any CPU
		{8C951E8F-92BB-4E00-80FB-E955928F4972}.Release|x86.ActiveCfg = Release|Any CPU
		{F36371D6-812F-49F5-9E9B-043265660647}.Debug|Any CPU.ActiveCfg = Debug|Any CPU
		{F36371D6-812F-49F5-9E9B-043265660647}.Debug|Any CPU.Build.0 = Debug|Any CPU
		{F36371D6-812F-49F5-9E9B-043265660647}.Debug|X64.ActiveCfg = Debug|Any CPU
		{F36371D6-812F-49F5-9E9B-043265660647}.Debug|x86.ActiveCfg = Debug|Any CPU
		{F36371D6-812F-49F5-9E9B-043265660647}.Release|Any CPU.ActiveCfg = Release|Any CPU
		{F36371D6-812F-49F5-9E9B-043265660647}.Release|Any CPU.Build.0 = Release|Any CPU
		{F36371D6-812F-49F5-9E9B-043265660647}.Release|X64.ActiveCfg = Release|Any CPU
		{F36371D6-812F-49F5-9E9B-043265660647}.Release|x86.ActiveCfg = Release|Any CPU
		{85EF284A-230F-49C8-BB02-93454CF77CAC}.Debug|Any CPU.ActiveCfg = Debug|Any CPU
		{85EF284A-230F-49C8-BB02-93454CF77CAC}.Debug|Any CPU.Build.0 = Debug|Any CPU
		{85EF284A-230F-49C8-BB02-93454CF77CAC}.Debug|X64.ActiveCfg = Debug|Any CPU
		{85EF284A-230F-49C8-BB02-93454CF77CAC}.Debug|x86.ActiveCfg = Debug|Any CPU
		{85EF284A-230F-49C8-BB02-93454CF77CAC}.Release|Any CPU.ActiveCfg = Release|Any CPU
		{85EF284A-230F-49C8-BB02-93454CF77CAC}.Release|Any CPU.Build.0 = Release|Any CPU
		{85EF284A-230F-49C8-BB02-93454CF77CAC}.Release|X64.ActiveCfg = Release|Any CPU
		{85EF284A-230F-49C8-BB02-93454CF77CAC}.Release|x86.ActiveCfg = Release|Any CPU
		{925EC36B-DF88-4CDE-BC59-FE03C0173CAE}.Debug|Any CPU.ActiveCfg = Debug|Any CPU
		{925EC36B-DF88-4CDE-BC59-FE03C0173CAE}.Debug|Any CPU.Build.0 = Debug|Any CPU
		{925EC36B-DF88-4CDE-BC59-FE03C0173CAE}.Debug|X64.ActiveCfg = Debug|Any CPU
		{925EC36B-DF88-4CDE-BC59-FE03C0173CAE}.Debug|x86.ActiveCfg = Debug|Any CPU
		{925EC36B-DF88-4CDE-BC59-FE03C0173CAE}.Release|Any CPU.ActiveCfg = Release|Any CPU
		{925EC36B-DF88-4CDE-BC59-FE03C0173CAE}.Release|Any CPU.Build.0 = Release|Any CPU
		{925EC36B-DF88-4CDE-BC59-FE03C0173CAE}.Release|X64.ActiveCfg = Release|Any CPU
		{925EC36B-DF88-4CDE-BC59-FE03C0173CAE}.Release|x86.ActiveCfg = Release|Any CPU
		{A3510B3E-A41A-4451-90B0-AEDED053D91F}.Debug|Any CPU.ActiveCfg = Debug|Any CPU
		{A3510B3E-A41A-4451-90B0-AEDED053D91F}.Debug|Any CPU.Build.0 = Debug|Any CPU
		{A3510B3E-A41A-4451-90B0-AEDED053D91F}.Debug|X64.ActiveCfg = Debug|Any CPU
		{A3510B3E-A41A-4451-90B0-AEDED053D91F}.Debug|x86.ActiveCfg = Debug|Any CPU
		{A3510B3E-A41A-4451-90B0-AEDED053D91F}.Release|Any CPU.ActiveCfg = Release|Any CPU
		{A3510B3E-A41A-4451-90B0-AEDED053D91F}.Release|Any CPU.Build.0 = Release|Any CPU
		{A3510B3E-A41A-4451-90B0-AEDED053D91F}.Release|X64.ActiveCfg = Release|Any CPU
		{A3510B3E-A41A-4451-90B0-AEDED053D91F}.Release|x86.ActiveCfg = Release|Any CPU
		{DFABDFCC-3B69-434A-BD2A-6838CD7608A8}.Debug|Any CPU.ActiveCfg = Debug|Any CPU
		{DFABDFCC-3B69-434A-BD2A-6838CD7608A8}.Debug|Any CPU.Build.0 = Debug|Any CPU
		{DFABDFCC-3B69-434A-BD2A-6838CD7608A8}.Debug|X64.ActiveCfg = Debug|Any CPU
		{DFABDFCC-3B69-434A-BD2A-6838CD7608A8}.Debug|x86.ActiveCfg = Debug|Any CPU
		{DFABDFCC-3B69-434A-BD2A-6838CD7608A8}.Release|Any CPU.ActiveCfg = Release|Any CPU
		{DFABDFCC-3B69-434A-BD2A-6838CD7608A8}.Release|Any CPU.Build.0 = Release|Any CPU
		{DFABDFCC-3B69-434A-BD2A-6838CD7608A8}.Release|X64.ActiveCfg = Release|Any CPU
		{DFABDFCC-3B69-434A-BD2A-6838CD7608A8}.Release|x86.ActiveCfg = Release|Any CPU
		{DAEF4D0D-C211-4DCD-9EB5-9736C66ADF61}.Debug|Any CPU.ActiveCfg = Debug|Any CPU
		{DAEF4D0D-C211-4DCD-9EB5-9736C66ADF61}.Debug|Any CPU.Build.0 = Debug|Any CPU
		{DAEF4D0D-C211-4DCD-9EB5-9736C66ADF61}.Debug|X64.ActiveCfg = Debug|Any CPU
		{DAEF4D0D-C211-4DCD-9EB5-9736C66ADF61}.Debug|x86.ActiveCfg = Debug|Any CPU
		{DAEF4D0D-C211-4DCD-9EB5-9736C66ADF61}.Release|Any CPU.ActiveCfg = Release|Any CPU
		{DAEF4D0D-C211-4DCD-9EB5-9736C66ADF61}.Release|Any CPU.Build.0 = Release|Any CPU
		{DAEF4D0D-C211-4DCD-9EB5-9736C66ADF61}.Release|X64.ActiveCfg = Release|Any CPU
		{DAEF4D0D-C211-4DCD-9EB5-9736C66ADF61}.Release|x86.ActiveCfg = Release|Any CPU
		{DC28CC0D-F87E-4D65-8812-3BAF31C9C359}.Debug|Any CPU.ActiveCfg = Debug|Any CPU
		{DC28CC0D-F87E-4D65-8812-3BAF31C9C359}.Debug|Any CPU.Build.0 = Debug|Any CPU
		{DC28CC0D-F87E-4D65-8812-3BAF31C9C359}.Debug|X64.ActiveCfg = Debug|Any CPU
		{DC28CC0D-F87E-4D65-8812-3BAF31C9C359}.Debug|x86.ActiveCfg = Debug|Any CPU
		{DC28CC0D-F87E-4D65-8812-3BAF31C9C359}.Release|Any CPU.ActiveCfg = Release|Any CPU
		{DC28CC0D-F87E-4D65-8812-3BAF31C9C359}.Release|Any CPU.Build.0 = Release|Any CPU
		{DC28CC0D-F87E-4D65-8812-3BAF31C9C359}.Release|X64.ActiveCfg = Release|Any CPU
		{DC28CC0D-F87E-4D65-8812-3BAF31C9C359}.Release|x86.ActiveCfg = Release|Any CPU
		{3FFD32FB-90AA-4BBC-BA28-8431915B78B1}.Debug|Any CPU.ActiveCfg = Debug|Any CPU
		{3FFD32FB-90AA-4BBC-BA28-8431915B78B1}.Debug|Any CPU.Build.0 = Debug|Any CPU
		{3FFD32FB-90AA-4BBC-BA28-8431915B78B1}.Debug|X64.ActiveCfg = Debug|Any CPU
		{3FFD32FB-90AA-4BBC-BA28-8431915B78B1}.Debug|x86.ActiveCfg = Debug|Any CPU
		{3FFD32FB-90AA-4BBC-BA28-8431915B78B1}.Release|Any CPU.ActiveCfg = Release|Any CPU
		{3FFD32FB-90AA-4BBC-BA28-8431915B78B1}.Release|Any CPU.Build.0 = Release|Any CPU
		{3FFD32FB-90AA-4BBC-BA28-8431915B78B1}.Release|X64.ActiveCfg = Release|Any CPU
		{3FFD32FB-90AA-4BBC-BA28-8431915B78B1}.Release|x86.ActiveCfg = Release|Any CPU
		{680D1204-154B-4021-B719-9D1AEB23E254}.Debug|Any CPU.ActiveCfg = Debug|Any CPU
		{680D1204-154B-4021-B719-9D1AEB23E254}.Debug|Any CPU.Build.0 = Debug|Any CPU
		{680D1204-154B-4021-B719-9D1AEB23E254}.Debug|Any CPU.Deploy.0 = Debug|Any CPU
		{680D1204-154B-4021-B719-9D1AEB23E254}.Debug|X64.ActiveCfg = Debug|Any CPU
		{680D1204-154B-4021-B719-9D1AEB23E254}.Debug|x86.ActiveCfg = Debug|Any CPU
		{680D1204-154B-4021-B719-9D1AEB23E254}.Release|Any CPU.ActiveCfg = Release|Any CPU
		{680D1204-154B-4021-B719-9D1AEB23E254}.Release|Any CPU.Build.0 = Release|Any CPU
		{680D1204-154B-4021-B719-9D1AEB23E254}.Release|Any CPU.Deploy.0 = Release|Any CPU
		{680D1204-154B-4021-B719-9D1AEB23E254}.Release|X64.ActiveCfg = Release|Any CPU
		{680D1204-154B-4021-B719-9D1AEB23E254}.Release|x86.ActiveCfg = Release|Any CPU
		{50EB2907-B688-4C90-BE7D-61753452F7A9}.Debug|Any CPU.ActiveCfg = Debug|Any CPU
		{50EB2907-B688-4C90-BE7D-61753452F7A9}.Debug|Any CPU.Build.0 = Debug|Any CPU
		{50EB2907-B688-4C90-BE7D-61753452F7A9}.Debug|X64.ActiveCfg = Debug|Any CPU
		{50EB2907-B688-4C90-BE7D-61753452F7A9}.Debug|x86.ActiveCfg = Debug|Any CPU
		{50EB2907-B688-4C90-BE7D-61753452F7A9}.Release|Any CPU.ActiveCfg = Release|Any CPU
		{50EB2907-B688-4C90-BE7D-61753452F7A9}.Release|Any CPU.Build.0 = Release|Any CPU
		{50EB2907-B688-4C90-BE7D-61753452F7A9}.Release|X64.ActiveCfg = Release|Any CPU
		{50EB2907-B688-4C90-BE7D-61753452F7A9}.Release|x86.ActiveCfg = Release|Any CPU
		{6FDC6398-A1AA-4A06-A61D-AD38E4965DED}.Debug|Any CPU.ActiveCfg = Debug|Any CPU
		{6FDC6398-A1AA-4A06-A61D-AD38E4965DED}.Debug|Any CPU.Build.0 = Debug|Any CPU
		{6FDC6398-A1AA-4A06-A61D-AD38E4965DED}.Debug|X64.ActiveCfg = Debug|Any CPU
		{6FDC6398-A1AA-4A06-A61D-AD38E4965DED}.Debug|x86.ActiveCfg = Debug|Any CPU
		{6FDC6398-A1AA-4A06-A61D-AD38E4965DED}.Release|Any CPU.ActiveCfg = Release|Any CPU
		{6FDC6398-A1AA-4A06-A61D-AD38E4965DED}.Release|Any CPU.Build.0 = Release|Any CPU
		{6FDC6398-A1AA-4A06-A61D-AD38E4965DED}.Release|X64.ActiveCfg = Release|Any CPU
		{6FDC6398-A1AA-4A06-A61D-AD38E4965DED}.Release|x86.ActiveCfg = Release|Any CPU
		{690C70A1-EC80-47EB-A707-FC9B09597102}.Debug|Any CPU.ActiveCfg = Debug|Any CPU
		{690C70A1-EC80-47EB-A707-FC9B09597102}.Debug|Any CPU.Build.0 = Debug|Any CPU
		{690C70A1-EC80-47EB-A707-FC9B09597102}.Debug|X64.ActiveCfg = Debug|Any CPU
		{690C70A1-EC80-47EB-A707-FC9B09597102}.Debug|x86.ActiveCfg = Debug|Any CPU
		{690C70A1-EC80-47EB-A707-FC9B09597102}.Release|Any CPU.ActiveCfg = Release|Any CPU
		{690C70A1-EC80-47EB-A707-FC9B09597102}.Release|Any CPU.Build.0 = Release|Any CPU
		{690C70A1-EC80-47EB-A707-FC9B09597102}.Release|X64.ActiveCfg = Release|Any CPU
		{690C70A1-EC80-47EB-A707-FC9B09597102}.Release|x86.ActiveCfg = Release|Any CPU
		{F9C5C89E-9B30-41E4-8FE4-D8675DBEAC26}.Debug|Any CPU.ActiveCfg = Debug|Any CPU
		{F9C5C89E-9B30-41E4-8FE4-D8675DBEAC26}.Debug|Any CPU.Build.0 = Debug|Any CPU
		{F9C5C89E-9B30-41E4-8FE4-D8675DBEAC26}.Debug|X64.ActiveCfg = Debug|Any CPU
		{F9C5C89E-9B30-41E4-8FE4-D8675DBEAC26}.Debug|x86.ActiveCfg = Debug|Any CPU
		{F9C5C89E-9B30-41E4-8FE4-D8675DBEAC26}.Release|Any CPU.ActiveCfg = Release|Any CPU
		{F9C5C89E-9B30-41E4-8FE4-D8675DBEAC26}.Release|Any CPU.Build.0 = Release|Any CPU
		{F9C5C89E-9B30-41E4-8FE4-D8675DBEAC26}.Release|X64.ActiveCfg = Release|Any CPU
		{F9C5C89E-9B30-41E4-8FE4-D8675DBEAC26}.Release|x86.ActiveCfg = Release|Any CPU
		{4625BAEC-0C53-4ECA-B92C-3C120280FAAC}.Debug|Any CPU.ActiveCfg = Debug|Any CPU
		{4625BAEC-0C53-4ECA-B92C-3C120280FAAC}.Debug|Any CPU.Build.0 = Debug|Any CPU
		{4625BAEC-0C53-4ECA-B92C-3C120280FAAC}.Debug|X64.ActiveCfg = Debug|Any CPU
		{4625BAEC-0C53-4ECA-B92C-3C120280FAAC}.Debug|x86.ActiveCfg = Debug|Any CPU
		{4625BAEC-0C53-4ECA-B92C-3C120280FAAC}.Release|Any CPU.ActiveCfg = Release|Any CPU
		{4625BAEC-0C53-4ECA-B92C-3C120280FAAC}.Release|Any CPU.Build.0 = Release|Any CPU
		{4625BAEC-0C53-4ECA-B92C-3C120280FAAC}.Release|X64.ActiveCfg = Release|Any CPU
		{4625BAEC-0C53-4ECA-B92C-3C120280FAAC}.Release|x86.ActiveCfg = Release|Any CPU
		{F1CAD860-50FC-456C-96CD-1332CC48D03F}.Debug|Any CPU.ActiveCfg = Debug|Any CPU
		{F1CAD860-50FC-456C-96CD-1332CC48D03F}.Debug|Any CPU.Build.0 = Debug|Any CPU
		{F1CAD860-50FC-456C-96CD-1332CC48D03F}.Debug|X64.ActiveCfg = Debug|Any CPU
		{F1CAD860-50FC-456C-96CD-1332CC48D03F}.Debug|x86.ActiveCfg = Debug|Any CPU
		{F1CAD860-50FC-456C-96CD-1332CC48D03F}.Release|Any CPU.ActiveCfg = Release|Any CPU
		{F1CAD860-50FC-456C-96CD-1332CC48D03F}.Release|Any CPU.Build.0 = Release|Any CPU
		{F1CAD860-50FC-456C-96CD-1332CC48D03F}.Release|X64.ActiveCfg = Release|Any CPU
		{F1CAD860-50FC-456C-96CD-1332CC48D03F}.Release|x86.ActiveCfg = Release|Any CPU
		{008C5B41-01F9-4CA3-BF84-A45B3E405779}.Debug|Any CPU.ActiveCfg = Debug|Any CPU
		{008C5B41-01F9-4CA3-BF84-A45B3E405779}.Debug|Any CPU.Build.0 = Debug|Any CPU
		{008C5B41-01F9-4CA3-BF84-A45B3E405779}.Debug|X64.ActiveCfg = Debug|Any CPU
		{008C5B41-01F9-4CA3-BF84-A45B3E405779}.Debug|x86.ActiveCfg = Debug|Any CPU
		{008C5B41-01F9-4CA3-BF84-A45B3E405779}.Release|Any CPU.ActiveCfg = Release|Any CPU
		{008C5B41-01F9-4CA3-BF84-A45B3E405779}.Release|Any CPU.Build.0 = Release|Any CPU
		{008C5B41-01F9-4CA3-BF84-A45B3E405779}.Release|X64.ActiveCfg = Release|Any CPU
		{008C5B41-01F9-4CA3-BF84-A45B3E405779}.Release|x86.ActiveCfg = Release|Any CPU
		{D313C0D5-D44A-47EC-9B0D-91C05BDEB494}.Debug|Any CPU.ActiveCfg = Debug|Any CPU
		{D313C0D5-D44A-47EC-9B0D-91C05BDEB494}.Debug|Any CPU.Build.0 = Debug|Any CPU
		{D313C0D5-D44A-47EC-9B0D-91C05BDEB494}.Debug|X64.ActiveCfg = Debug|Any CPU
		{D313C0D5-D44A-47EC-9B0D-91C05BDEB494}.Debug|x86.ActiveCfg = Debug|Any CPU
		{D313C0D5-D44A-47EC-9B0D-91C05BDEB494}.Release|Any CPU.ActiveCfg = Release|Any CPU
		{D313C0D5-D44A-47EC-9B0D-91C05BDEB494}.Release|Any CPU.Build.0 = Release|Any CPU
		{D313C0D5-D44A-47EC-9B0D-91C05BDEB494}.Release|X64.ActiveCfg = Release|Any CPU
		{D313C0D5-D44A-47EC-9B0D-91C05BDEB494}.Release|x86.ActiveCfg = Release|Any CPU
		{CEFDB101-184E-4484-9CF8-9616D68AE52A}.Debug|Any CPU.ActiveCfg = Debug|Any CPU
		{CEFDB101-184E-4484-9CF8-9616D68AE52A}.Debug|Any CPU.Build.0 = Debug|Any CPU
		{CEFDB101-184E-4484-9CF8-9616D68AE52A}.Debug|X64.ActiveCfg = Debug|Any CPU
		{CEFDB101-184E-4484-9CF8-9616D68AE52A}.Debug|x86.ActiveCfg = Debug|Any CPU
		{CEFDB101-184E-4484-9CF8-9616D68AE52A}.Release|Any CPU.ActiveCfg = Release|Any CPU
		{CEFDB101-184E-4484-9CF8-9616D68AE52A}.Release|Any CPU.Build.0 = Release|Any CPU
		{CEFDB101-184E-4484-9CF8-9616D68AE52A}.Release|X64.ActiveCfg = Release|Any CPU
		{CEFDB101-184E-4484-9CF8-9616D68AE52A}.Release|x86.ActiveCfg = Release|Any CPU
		{9E9BCF53-D0D8-40E5-A3B1-35D9564D8CCD}.Debug|Any CPU.ActiveCfg = Debug|Any CPU
		{9E9BCF53-D0D8-40E5-A3B1-35D9564D8CCD}.Debug|Any CPU.Build.0 = Debug|Any CPU
		{9E9BCF53-D0D8-40E5-A3B1-35D9564D8CCD}.Debug|X64.ActiveCfg = Debug|Any CPU
		{9E9BCF53-D0D8-40E5-A3B1-35D9564D8CCD}.Debug|x86.ActiveCfg = Debug|Any CPU
		{9E9BCF53-D0D8-40E5-A3B1-35D9564D8CCD}.Release|Any CPU.ActiveCfg = Release|Any CPU
		{9E9BCF53-D0D8-40E5-A3B1-35D9564D8CCD}.Release|Any CPU.Build.0 = Release|Any CPU
		{9E9BCF53-D0D8-40E5-A3B1-35D9564D8CCD}.Release|X64.ActiveCfg = Release|Any CPU
		{9E9BCF53-D0D8-40E5-A3B1-35D9564D8CCD}.Release|x86.ActiveCfg = Release|Any CPU
		{C65C0F7C-299B-4DB8-9AB7-D3C246BABA6F}.Debug|Any CPU.ActiveCfg = Debug|Any CPU
		{C65C0F7C-299B-4DB8-9AB7-D3C246BABA6F}.Debug|Any CPU.Build.0 = Debug|Any CPU
		{C65C0F7C-299B-4DB8-9AB7-D3C246BABA6F}.Debug|X64.ActiveCfg = Debug|Any CPU
		{C65C0F7C-299B-4DB8-9AB7-D3C246BABA6F}.Debug|x86.ActiveCfg = Debug|Any CPU
		{C65C0F7C-299B-4DB8-9AB7-D3C246BABA6F}.Release|Any CPU.ActiveCfg = Release|Any CPU
		{C65C0F7C-299B-4DB8-9AB7-D3C246BABA6F}.Release|Any CPU.Build.0 = Release|Any CPU
		{C65C0F7C-299B-4DB8-9AB7-D3C246BABA6F}.Release|X64.ActiveCfg = Release|Any CPU
		{C65C0F7C-299B-4DB8-9AB7-D3C246BABA6F}.Release|x86.ActiveCfg = Release|Any CPU
		{BB648EDE-67D5-488C-B423-346E181B33DB}.Debug|Any CPU.ActiveCfg = Debug|Any CPU
		{BB648EDE-67D5-488C-B423-346E181B33DB}.Debug|Any CPU.Build.0 = Debug|Any CPU
		{BB648EDE-67D5-488C-B423-346E181B33DB}.Debug|X64.ActiveCfg = Debug|Any CPU
		{BB648EDE-67D5-488C-B423-346E181B33DB}.Debug|x86.ActiveCfg = Debug|Any CPU
		{BB648EDE-67D5-488C-B423-346E181B33DB}.Release|Any CPU.ActiveCfg = Release|Any CPU
		{BB648EDE-67D5-488C-B423-346E181B33DB}.Release|Any CPU.Build.0 = Release|Any CPU
		{BB648EDE-67D5-488C-B423-346E181B33DB}.Release|X64.ActiveCfg = Release|Any CPU
		{BB648EDE-67D5-488C-B423-346E181B33DB}.Release|x86.ActiveCfg = Release|Any CPU
		{1DBBE809-D0BA-4031-9AE6-DE6FF57354D7}.Debug|Any CPU.ActiveCfg = Debug|Any CPU
		{1DBBE809-D0BA-4031-9AE6-DE6FF57354D7}.Debug|Any CPU.Build.0 = Debug|Any CPU
		{1DBBE809-D0BA-4031-9AE6-DE6FF57354D7}.Debug|X64.ActiveCfg = Debug|Any CPU
		{1DBBE809-D0BA-4031-9AE6-DE6FF57354D7}.Debug|x86.ActiveCfg = Debug|Any CPU
		{1DBBE809-D0BA-4031-9AE6-DE6FF57354D7}.Release|Any CPU.ActiveCfg = Release|Any CPU
		{1DBBE809-D0BA-4031-9AE6-DE6FF57354D7}.Release|Any CPU.Build.0 = Release|Any CPU
		{1DBBE809-D0BA-4031-9AE6-DE6FF57354D7}.Release|X64.ActiveCfg = Release|Any CPU
		{1DBBE809-D0BA-4031-9AE6-DE6FF57354D7}.Release|x86.ActiveCfg = Release|Any CPU
		{9C1E11C6-E6F2-4837-A332-035636963C2D}.Debug|Any CPU.ActiveCfg = Debug|Any CPU
		{9C1E11C6-E6F2-4837-A332-035636963C2D}.Debug|Any CPU.Build.0 = Debug|Any CPU
		{9C1E11C6-E6F2-4837-A332-035636963C2D}.Debug|X64.ActiveCfg = Debug|Any CPU
		{9C1E11C6-E6F2-4837-A332-035636963C2D}.Debug|x86.ActiveCfg = Debug|Any CPU
		{9C1E11C6-E6F2-4837-A332-035636963C2D}.Release|Any CPU.ActiveCfg = Release|Any CPU
		{9C1E11C6-E6F2-4837-A332-035636963C2D}.Release|Any CPU.Build.0 = Release|Any CPU
		{9C1E11C6-E6F2-4837-A332-035636963C2D}.Release|X64.ActiveCfg = Release|Any CPU
		{9C1E11C6-E6F2-4837-A332-035636963C2D}.Release|x86.ActiveCfg = Release|Any CPU
		{D388B762-EC22-4E65-B1E7-B019F55F3360}.Debug|Any CPU.ActiveCfg = Debug|Any CPU
		{D388B762-EC22-4E65-B1E7-B019F55F3360}.Debug|Any CPU.Build.0 = Debug|Any CPU
		{D388B762-EC22-4E65-B1E7-B019F55F3360}.Debug|Any CPU.Deploy.0 = Debug|Any CPU
		{D388B762-EC22-4E65-B1E7-B019F55F3360}.Debug|X64.ActiveCfg = Debug|Any CPU
		{D388B762-EC22-4E65-B1E7-B019F55F3360}.Debug|x86.ActiveCfg = Debug|Any CPU
		{D388B762-EC22-4E65-B1E7-B019F55F3360}.Release|Any CPU.ActiveCfg = Release|Any CPU
		{D388B762-EC22-4E65-B1E7-B019F55F3360}.Release|Any CPU.Build.0 = Release|Any CPU
		{D388B762-EC22-4E65-B1E7-B019F55F3360}.Release|Any CPU.Deploy.0 = Release|Any CPU
		{D388B762-EC22-4E65-B1E7-B019F55F3360}.Release|X64.ActiveCfg = Release|Any CPU
		{D388B762-EC22-4E65-B1E7-B019F55F3360}.Release|x86.ActiveCfg = Release|Any CPU
		{6EB0253B-5BCD-43CD-BB76-2CCFF5761E7A}.Debug|Any CPU.ActiveCfg = Debug|Any CPU
		{6EB0253B-5BCD-43CD-BB76-2CCFF5761E7A}.Debug|Any CPU.Build.0 = Debug|Any CPU
		{6EB0253B-5BCD-43CD-BB76-2CCFF5761E7A}.Debug|X64.ActiveCfg = Debug|Any CPU
		{6EB0253B-5BCD-43CD-BB76-2CCFF5761E7A}.Debug|x86.ActiveCfg = Debug|Any CPU
		{6EB0253B-5BCD-43CD-BB76-2CCFF5761E7A}.Release|Any CPU.ActiveCfg = Release|Any CPU
		{6EB0253B-5BCD-43CD-BB76-2CCFF5761E7A}.Release|Any CPU.Build.0 = Release|Any CPU
		{6EB0253B-5BCD-43CD-BB76-2CCFF5761E7A}.Release|X64.ActiveCfg = Release|Any CPU
		{6EB0253B-5BCD-43CD-BB76-2CCFF5761E7A}.Release|x86.ActiveCfg = Release|Any CPU
		{ED49EB16-2FCB-4EAC-A4DC-2830C8307FC6}.Debug|Any CPU.ActiveCfg = Debug|Any CPU
		{ED49EB16-2FCB-4EAC-A4DC-2830C8307FC6}.Debug|Any CPU.Build.0 = Debug|Any CPU
		{ED49EB16-2FCB-4EAC-A4DC-2830C8307FC6}.Debug|X64.ActiveCfg = Debug|Any CPU
		{ED49EB16-2FCB-4EAC-A4DC-2830C8307FC6}.Debug|x86.ActiveCfg = Debug|Any CPU
		{ED49EB16-2FCB-4EAC-A4DC-2830C8307FC6}.Release|Any CPU.ActiveCfg = Release|Any CPU
		{ED49EB16-2FCB-4EAC-A4DC-2830C8307FC6}.Release|Any CPU.Build.0 = Release|Any CPU
		{ED49EB16-2FCB-4EAC-A4DC-2830C8307FC6}.Release|X64.ActiveCfg = Release|Any CPU
		{ED49EB16-2FCB-4EAC-A4DC-2830C8307FC6}.Release|x86.ActiveCfg = Release|Any CPU
		{8250C9B2-D819-4C81-85A6-634370FCF22D}.Debug|Any CPU.ActiveCfg = Debug|Any CPU
		{8250C9B2-D819-4C81-85A6-634370FCF22D}.Debug|Any CPU.Build.0 = Debug|Any CPU
		{8250C9B2-D819-4C81-85A6-634370FCF22D}.Debug|X64.ActiveCfg = Debug|Any CPU
		{8250C9B2-D819-4C81-85A6-634370FCF22D}.Debug|x86.ActiveCfg = Debug|Any CPU
		{8250C9B2-D819-4C81-85A6-634370FCF22D}.Release|Any CPU.ActiveCfg = Release|Any CPU
		{8250C9B2-D819-4C81-85A6-634370FCF22D}.Release|Any CPU.Build.0 = Release|Any CPU
		{8250C9B2-D819-4C81-85A6-634370FCF22D}.Release|X64.ActiveCfg = Release|Any CPU
		{8250C9B2-D819-4C81-85A6-634370FCF22D}.Release|x86.ActiveCfg = Release|Any CPU
		{6AE0452D-92CC-420B-99F4-7F9D7464B9A3}.Debug|Any CPU.ActiveCfg = Debug|Any CPU
		{6AE0452D-92CC-420B-99F4-7F9D7464B9A3}.Debug|Any CPU.Build.0 = Debug|Any CPU
		{6AE0452D-92CC-420B-99F4-7F9D7464B9A3}.Debug|X64.ActiveCfg = Debug|Any CPU
		{6AE0452D-92CC-420B-99F4-7F9D7464B9A3}.Debug|x86.ActiveCfg = Debug|Any CPU
		{6AE0452D-92CC-420B-99F4-7F9D7464B9A3}.Release|Any CPU.ActiveCfg = Release|Any CPU
		{6AE0452D-92CC-420B-99F4-7F9D7464B9A3}.Release|Any CPU.Build.0 = Release|Any CPU
		{6AE0452D-92CC-420B-99F4-7F9D7464B9A3}.Release|X64.ActiveCfg = Release|Any CPU
		{6AE0452D-92CC-420B-99F4-7F9D7464B9A3}.Release|x86.ActiveCfg = Release|Any CPU
		{929E8294-E96D-4D40-B326-C62415356D3D}.Debug|Any CPU.ActiveCfg = Debug|Any CPU
		{929E8294-E96D-4D40-B326-C62415356D3D}.Debug|Any CPU.Build.0 = Debug|Any CPU
		{929E8294-E96D-4D40-B326-C62415356D3D}.Debug|X64.ActiveCfg = Debug|Any CPU
		{929E8294-E96D-4D40-B326-C62415356D3D}.Debug|x86.ActiveCfg = Debug|Any CPU
		{929E8294-E96D-4D40-B326-C62415356D3D}.Release|Any CPU.ActiveCfg = Release|Any CPU
		{929E8294-E96D-4D40-B326-C62415356D3D}.Release|Any CPU.Build.0 = Release|Any CPU
		{929E8294-E96D-4D40-B326-C62415356D3D}.Release|X64.ActiveCfg = Release|Any CPU
		{929E8294-E96D-4D40-B326-C62415356D3D}.Release|x86.ActiveCfg = Release|Any CPU
	EndGlobalSection
	GlobalSection(SolutionProperties) = preSolution
		HideSolutionNode = FALSE
	EndGlobalSection
	GlobalSection(NestedProjects) = preSolution
		{F067DA74-E48F-4DE7-85D4-1217BB3670E3} = {A05694C0-44CA-4B19-A422-35677EA1E6E7}
		{06EBD357-60DC-4BD9-AD9B-0A736DCC2203} = {A05694C0-44CA-4B19-A422-35677EA1E6E7}
		{062E8DA0-3EF1-4481-8FCF-CFEB54A39771} = {76FBB8CC-394E-420D-9B6A-B394EB1BAC08}
		{C26E7AFB-A944-48E6-9688-44B791BD697E} = {76FBB8CC-394E-420D-9B6A-B394EB1BAC08}
		{B080DCAE-231C-4F9E-8A01-B6E0DE3C2FE2} = {4DB7EAF9-FDDE-4B8B-BC82-696E8E249F4B}
		{AAABEBD6-793A-4D24-B3FB-EB8CCE282E7E} = {4DB7EAF9-FDDE-4B8B-BC82-696E8E249F4B}
		{2378C604-FFF4-44F9-9934-BB17013C27FB} = {A05694C0-44CA-4B19-A422-35677EA1E6E7}
		{1628E173-1BE9-4DFC-BCBE-93334DE8EE46} = {185AC291-63C8-48A7-B14C-288547273DA3}
		{8C951E8F-92BB-4E00-80FB-E955928F4972} = {A05694C0-44CA-4B19-A422-35677EA1E6E7}
		{F36371D6-812F-49F5-9E9B-043265660647} = {185AC291-63C8-48A7-B14C-288547273DA3}
		{85EF284A-230F-49C8-BB02-93454CF77CAC} = {A05694C0-44CA-4B19-A422-35677EA1E6E7}
		{925EC36B-DF88-4CDE-BC59-FE03C0173CAE} = {185AC291-63C8-48A7-B14C-288547273DA3}
		{A3510B3E-A41A-4451-90B0-AEDED053D91F} = {185AC291-63C8-48A7-B14C-288547273DA3}
		{DFABDFCC-3B69-434A-BD2A-6838CD7608A8} = {185AC291-63C8-48A7-B14C-288547273DA3}
		{DAEF4D0D-C211-4DCD-9EB5-9736C66ADF61} = {A05694C0-44CA-4B19-A422-35677EA1E6E7}
		{DC28CC0D-F87E-4D65-8812-3BAF31C9C359} = {BFCA7B7D-8D87-4586-AF73-F88BCE8EC611}
		{3FFD32FB-90AA-4BBC-BA28-8431915B78B1} = {76FBB8CC-394E-420D-9B6A-B394EB1BAC08}
		{680D1204-154B-4021-B719-9D1AEB23E254} = {76FBB8CC-394E-420D-9B6A-B394EB1BAC08}
		{6FDC6398-A1AA-4A06-A61D-AD38E4965DED} = {76FBB8CC-394E-420D-9B6A-B394EB1BAC08}
		{690C70A1-EC80-47EB-A707-FC9B09597102} = {A05694C0-44CA-4B19-A422-35677EA1E6E7}
		{F9C5C89E-9B30-41E4-8FE4-D8675DBEAC26} = {76FBB8CC-394E-420D-9B6A-B394EB1BAC08}
		{F1CAD860-50FC-456C-96CD-1332CC48D03F} = {185AC291-63C8-48A7-B14C-288547273DA3}
		{008C5B41-01F9-4CA3-BF84-A45B3E405779} = {185AC291-63C8-48A7-B14C-288547273DA3}
		{D313C0D5-D44A-47EC-9B0D-91C05BDEB494} = {76FBB8CC-394E-420D-9B6A-B394EB1BAC08}
		{CEFDB101-184E-4484-9CF8-9616D68AE52A} = {A05694C0-44CA-4B19-A422-35677EA1E6E7}
		{9E9BCF53-D0D8-40E5-A3B1-35D9564D8CCD} = {76FBB8CC-394E-420D-9B6A-B394EB1BAC08}
		{C65C0F7C-299B-4DB8-9AB7-D3C246BABA6F} = {3DBBFF5A-E5EA-4F80-A649-C021DED0C417}
		{BB648EDE-67D5-488C-B423-346E181B33DB} = {3DBBFF5A-E5EA-4F80-A649-C021DED0C417}
		{1DBBE809-D0BA-4031-9AE6-DE6FF57354D7} = {3DBBFF5A-E5EA-4F80-A649-C021DED0C417}
		{9C1E11C6-E6F2-4837-A332-035636963C2D} = {3DBBFF5A-E5EA-4F80-A649-C021DED0C417}
		{D388B762-EC22-4E65-B1E7-B019F55F3360} = {3DBBFF5A-E5EA-4F80-A649-C021DED0C417}
		{6EB0253B-5BCD-43CD-BB76-2CCFF5761E7A} = {3DBBFF5A-E5EA-4F80-A649-C021DED0C417}
		{ED49EB16-2FCB-4EAC-A4DC-2830C8307FC6} = {3DBBFF5A-E5EA-4F80-A649-C021DED0C417}
		{6AE0452D-92CC-420B-99F4-7F9D7464B9A3} = {BFCA7B7D-8D87-4586-AF73-F88BCE8EC611}
		{929E8294-E96D-4D40-B326-C62415356D3D} = {BFCA7B7D-8D87-4586-AF73-F88BCE8EC611}
	EndGlobalSection
EndGlobal
